
Microsoft Visual Studio Solution File, Format Version 12.00
# Visual Studio Version 16
VisualStudioVersion = 16.0.29613.14
MinimumVisualStudioVersion = 10.0.40219.1
Project("{9A19103F-16F7-4668-BE54-9A1E7A4F7556}") = "Leave-Managment", "Leave-Managment\Leave-Managment.csproj", "{9105A4CA-F09A-400F-B050-A7E93B348FDF}"
EndProject
Global
	GlobalSection(SolutionConfigurationPlatforms) = preSolution
		Debug|Any CPU = Debug|Any CPU
		Release|Any CPU = Release|Any CPU
	EndGlobalSection
	GlobalSection(ProjectConfigurationPlatforms) = postSolution
		{9105A4CA-F09A-400F-B050-A7E93B348FDF}.Debug|Any CPU.ActiveCfg = Debug|Any CPU
		{9105A4CA-F09A-400F-B050-A7E93B348FDF}.Debug|Any CPU.Build.0 = Debug|Any CPU
		{9105A4CA-F09A-400F-B050-A7E93B348FDF}.Release|Any CPU.ActiveCfg = Release|Any CPU
		{9105A4CA-F09A-400F-B050-A7E93B348FDF}.Release|Any CPU.Build.0 = Release|Any CPU
	EndGlobalSection
	GlobalSection(SolutionProperties) = preSolution
		HideSolutionNode = FALSE
	EndGlobalSection
	GlobalSection(ExtensibilityGlobals) = postSolution
		SolutionGuid = {38FA2DBB-756E-4E3A-BA48-7AB82179295C}
	EndGlobalSection
EndGlobal
